
Microsoft Visual Studio Solution File, Format Version 12.00
# Visual Studio Version 17
VisualStudioVersion = 17.0.31903.59
MinimumVisualStudioVersion = 10.0.40219.1
Project("{2150E333-8FDC-42A3-9474-1A3956D46DE8}") = "src", "src", "{827E0CD3-B72D-47B6-A68D-7590B98EB39B}"
EndProject
Project("{FAE04EC0-301F-11D3-BF4B-00C04F79EFBC}") = "TestHarness.Analyzers", "src\TestHarness.Analyzers\TestHarness.Analyzers.csproj", "{B5CAFA53-1B87-4A95-9562-DA9B33C87D22}"
EndProject
Project("{2150E333-8FDC-42A3-9474-1A3956D46DE8}") = "tests", "tests", "{0AB3BF05-4346-4AA6-1389-037BE0695223}"
EndProject
Project("{FAE04EC0-301F-11D3-BF4B-00C04F79EFBC}") = "TestHarness.Analyzers.Tests", "tests\TestHarness.Analyzers.Tests\TestHarness.Analyzers.Tests.csproj", "{83E60D3D-BFF0-4EB0-B859-20BD83449494}"
EndProject
Project("{FAE04EC0-301F-11D3-BF4B-00C04F79EFBC}") = "TestHarness.Analyzers.Samples", "tests\TestHarness.Analyzers.Samples\TestHarness.Analyzers.Samples.csproj", "{94306FBB-9594-458A-83BA-7B1936F49346}"
EndProject
Global
	GlobalSection(SolutionConfigurationPlatforms) = preSolution
		Debug|Any CPU = Debug|Any CPU
		Debug|x64 = Debug|x64
		Debug|x86 = Debug|x86
		Release|Any CPU = Release|Any CPU
		Release|x64 = Release|x64
		Release|x86 = Release|x86
	EndGlobalSection
	GlobalSection(ProjectConfigurationPlatforms) = postSolution
		{B5CAFA53-1B87-4A95-9562-DA9B33C87D22}.Debug|Any CPU.ActiveCfg = Debug|Any CPU
		{B5CAFA53-1B87-4A95-9562-DA9B33C87D22}.Debug|Any CPU.Build.0 = Debug|Any CPU
		{B5CAFA53-1B87-4A95-9562-DA9B33C87D22}.Debug|x64.ActiveCfg = Debug|Any CPU
		{B5CAFA53-1B87-4A95-9562-DA9B33C87D22}.Debug|x64.Build.0 = Debug|Any CPU
		{B5CAFA53-1B87-4A95-9562-DA9B33C87D22}.Debug|x86.ActiveCfg = Debug|Any CPU
		{B5CAFA53-1B87-4A95-9562-DA9B33C87D22}.Debug|x86.Build.0 = Debug|Any CPU
		{B5CAFA53-1B87-4A95-9562-DA9B33C87D22}.Release|Any CPU.ActiveCfg = Release|Any CPU
		{B5CAFA53-1B87-4A95-9562-DA9B33C87D22}.Release|Any CPU.Build.0 = Release|Any CPU
		{B5CAFA53-1B87-4A95-9562-DA9B33C87D22}.Release|x64.ActiveCfg = Release|Any CPU
		{B5CAFA53-1B87-4A95-9562-DA9B33C87D22}.Release|x64.Build.0 = Release|Any CPU
		{B5CAFA53-1B87-4A95-9562-DA9B33C87D22}.Release|x86.ActiveCfg = Release|Any CPU
		{B5CAFA53-1B87-4A95-9562-DA9B33C87D22}.Release|x86.Build.0 = Release|Any CPU
		{83E60D3D-BFF0-4EB0-B859-20BD83449494}.Debug|Any CPU.ActiveCfg = Debug|Any CPU
		{83E60D3D-BFF0-4EB0-B859-20BD83449494}.Debug|Any CPU.Build.0 = Debug|Any CPU
		{83E60D3D-BFF0-4EB0-B859-20BD83449494}.Debug|x64.ActiveCfg = Debug|Any CPU
		{83E60D3D-BFF0-4EB0-B859-20BD83449494}.Debug|x64.Build.0 = Debug|Any CPU
		{83E60D3D-BFF0-4EB0-B859-20BD83449494}.Debug|x86.ActiveCfg = Debug|Any CPU
		{83E60D3D-BFF0-4EB0-B859-20BD83449494}.Debug|x86.Build.0 = Debug|Any CPU
		{83E60D3D-BFF0-4EB0-B859-20BD83449494}.Release|Any CPU.ActiveCfg = Release|Any CPU
		{83E60D3D-BFF0-4EB0-B859-20BD83449494}.Release|Any CPU.Build.0 = Release|Any CPU
		{83E60D3D-BFF0-4EB0-B859-20BD83449494}.Release|x64.ActiveCfg = Release|Any CPU
		{83E60D3D-BFF0-4EB0-B859-20BD83449494}.Release|x64.Build.0 = Release|Any CPU
		{83E60D3D-BFF0-4EB0-B859-20BD83449494}.Release|x86.ActiveCfg = Release|Any CPU
		{83E60D3D-BFF0-4EB0-B859-20BD83449494}.Release|x86.Build.0 = Release|Any CPU
		{94306FBB-9594-458A-83BA-7B1936F49346}.Debug|Any CPU.ActiveCfg = Debug|Any CPU
		{94306FBB-9594-458A-83BA-7B1936F49346}.Debug|Any CPU.Build.0 = Debug|Any CPU
		{94306FBB-9594-458A-83BA-7B1936F49346}.Debug|x64.ActiveCfg = Debug|Any CPU
		{94306FBB-9594-458A-83BA-7B1936F49346}.Debug|x64.Build.0 = Debug|Any CPU
		{94306FBB-9594-458A-83BA-7B1936F49346}.Debug|x86.ActiveCfg = Debug|Any CPU
		{94306FBB-9594-458A-83BA-7B1936F49346}.Debug|x86.Build.0 = Debug|Any CPU
		{94306FBB-9594-458A-83BA-7B1936F49346}.Release|Any CPU.ActiveCfg = Release|Any CPU
		{94306FBB-9594-458A-83BA-7B1936F49346}.Release|Any CPU.Build.0 = Release|Any CPU
		{94306FBB-9594-458A-83BA-7B1936F49346}.Release|x64.ActiveCfg = Release|Any CPU
		{94306FBB-9594-458A-83BA-7B1936F49346}.Release|x64.Build.0 = Release|Any CPU
		{94306FBB-9594-458A-83BA-7B1936F49346}.Release|x86.ActiveCfg = Release|Any CPU
		{94306FBB-9594-458A-83BA-7B1936F49346}.Release|x86.Build.0 = Release|Any CPU
	EndGlobalSection
	GlobalSection(SolutionProperties) = preSolution
		HideSolutionNode = FALSE
	EndGlobalSection
	GlobalSection(NestedProjects) = preSolution
		{B5CAFA53-1B87-4A95-9562-DA9B33C87D22} = {827E0CD3-B72D-47B6-A68D-7590B98EB39B}
		{83E60D3D-BFF0-4EB0-B859-20BD83449494} = {0AB3BF05-4346-4AA6-1389-037BE0695223}
		{94306FBB-9594-458A-83BA-7B1936F49346} = {0AB3BF05-4346-4AA6-1389-037BE0695223}
	EndGlobalSection
EndGlobal
